
Microsoft Visual Studio Solution File, Format Version 12.00
# Visual Studio 14
VisualStudioVersion = 14.0.25420.1
MinimumVisualStudioVersion = 10.0.40219.1
Project("{D954291E-2A0B-460D-934E-DC6B0785DB48}") = "Num2", "Num2\Num2.shproj", "{92F2F4C3-F7AC-41A4-9F28-E6731198F58C}"
EndProject
Global
	GlobalSection(SharedMSBuildProjectFiles) = preSolution
		Num2\Num2.projitems*{92f2f4c3-f7ac-41a4-9f28-e6731198f58c}*SharedItemsImports = 13
	EndGlobalSection
	GlobalSection(SolutionProperties) = preSolution
		HideSolutionNode = FALSE
	EndGlobalSection
EndGlobal
